
Microsoft Visual Studio Solution File, Format Version 12.00
# Visual Studio Version 16
VisualStudioVersion = 16.0.31424.327
MinimumVisualStudioVersion = 10.0.40219.1
Project("{2150E333-8FDC-42A3-9474-1A3956D46DE8}") = "UI", "UI", "{F7AD2E24-48AD-4C0B-BBCC-B13301DF31AD}"
EndProject
Project("{2150E333-8FDC-42A3-9474-1A3956D46DE8}") = "Negocio", "Negocio", "{5F685F3F-FA44-47F7-B2BD-64F9D1801C80}"
EndProject
Project("{2150E333-8FDC-42A3-9474-1A3956D46DE8}") = "Datos", "Datos", "{10833550-C834-4C92-B921-DE4B38252202}"
EndProject
Project("{2150E333-8FDC-42A3-9474-1A3956D46DE8}") = "Entidades", "Entidades", "{B74D971E-A37B-44AD-A6A0-AA56E72AE5AA}"
EndProject
Project("{FAE04EC0-301F-11D3-BF4B-00C04F79EFBC}") = "Datos", "Datos\Datos.csproj", "{01541969-CD72-4783-80D8-E65C2916E428}"
EndProject
Project("{FAE04EC0-301F-11D3-BF4B-00C04F79EFBC}") = "Negocio", "Negocio\Negocio.csproj", "{0A9D63D1-9A71-4C0E-9723-FB4148F3EB09}"
EndProject
Project("{FAE04EC0-301F-11D3-BF4B-00C04F79EFBC}") = "Entidades", "Entidades\Entidades.csproj", "{6E876D67-75F8-44D6-BA3F-899495A27290}"
EndProject
Project("{FAE04EC0-301F-11D3-BF4B-00C04F79EFBC}") = "UI", "UI\UI.csproj", "{72F9201D-5EAC-404C-897E-5E252827F143}"
EndProject
Project("{2150E333-8FDC-42A3-9474-1A3956D46DE8}") = "Web", "Web", "{05646675-EA0E-4667-9E7A-AAD3CB78485E}"
EndProject
Project("{2150E333-8FDC-42A3-9474-1A3956D46DE8}") = "Winform", "Winform", "{0AFC82DE-C001-45C6-ABBC-D8FF040BD79F}"
EndProject
Project("{2150E333-8FDC-42A3-9474-1A3956D46DE8}") = "Mobile", "Mobile", "{873B9A04-894A-421F-A4E3-FC2DA74B7A15}"
EndProject
Project("{2150E333-8FDC-42A3-9474-1A3956D46DE8}") = "Servicios", "Servicios", "{460D82F1-3BF9-49CC-9002-A38CF598E5E4}"
EndProject
Project("{9A19103F-16F7-4668-BE54-9A1E7A4F7556}") = "ApiRest", "ApiRest\ApiRest.csproj", "{3F9F805A-304D-430C-A388-C6F38910F395}"
EndProject
Project("{FAE04EC0-301F-11D3-BF4B-00C04F79EFBC}") = "WebStagePro", "WebStagePro\WebStagePro.csproj", "{3EE1F6E2-85A0-460A-BA06-2A6F5B12BD22}"
EndProject
Global
	GlobalSection(SolutionConfigurationPlatforms) = preSolution
		Debug|Any CPU = Debug|Any CPU
		Release|Any CPU = Release|Any CPU
	EndGlobalSection
	GlobalSection(ProjectConfigurationPlatforms) = postSolution
		{01541969-CD72-4783-80D8-E65C2916E428}.Debug|Any CPU.ActiveCfg = Debug|Any CPU
		{01541969-CD72-4783-80D8-E65C2916E428}.Debug|Any CPU.Build.0 = Debug|Any CPU
		{01541969-CD72-4783-80D8-E65C2916E428}.Release|Any CPU.ActiveCfg = Release|Any CPU
		{01541969-CD72-4783-80D8-E65C2916E428}.Release|Any CPU.Build.0 = Release|Any CPU
		{0A9D63D1-9A71-4C0E-9723-FB4148F3EB09}.Debug|Any CPU.ActiveCfg = Debug|Any CPU
		{0A9D63D1-9A71-4C0E-9723-FB4148F3EB09}.Debug|Any CPU.Build.0 = Debug|Any CPU
		{0A9D63D1-9A71-4C0E-9723-FB4148F3EB09}.Release|Any CPU.ActiveCfg = Release|Any CPU
		{0A9D63D1-9A71-4C0E-9723-FB4148F3EB09}.Release|Any CPU.Build.0 = Release|Any CPU
		{6E876D67-75F8-44D6-BA3F-899495A27290}.Debug|Any CPU.ActiveCfg = Debug|Any CPU
		{6E876D67-75F8-44D6-BA3F-899495A27290}.Debug|Any CPU.Build.0 = Debug|Any CPU
		{6E876D67-75F8-44D6-BA3F-899495A27290}.Release|Any CPU.ActiveCfg = Release|Any CPU
		{6E876D67-75F8-44D6-BA3F-899495A27290}.Release|Any CPU.Build.0 = Release|Any CPU
		{72F9201D-5EAC-404C-897E-5E252827F143}.Debug|Any CPU.ActiveCfg = Debug|Any CPU
		{72F9201D-5EAC-404C-897E-5E252827F143}.Debug|Any CPU.Build.0 = Debug|Any CPU
		{72F9201D-5EAC-404C-897E-5E252827F143}.Release|Any CPU.ActiveCfg = Release|Any CPU
		{72F9201D-5EAC-404C-897E-5E252827F143}.Release|Any CPU.Build.0 = Release|Any CPU
		{3F9F805A-304D-430C-A388-C6F38910F395}.Debug|Any CPU.ActiveCfg = Debug|Any CPU
		{3F9F805A-304D-430C-A388-C6F38910F395}.Debug|Any CPU.Build.0 = Debug|Any CPU
		{3F9F805A-304D-430C-A388-C6F38910F395}.Release|Any CPU.ActiveCfg = Release|Any CPU
		{3F9F805A-304D-430C-A388-C6F38910F395}.Release|Any CPU.Build.0 = Release|Any CPU
		{3EE1F6E2-85A0-460A-BA06-2A6F5B12BD22}.Debug|Any CPU.ActiveCfg = Debug|Any CPU
		{3EE1F6E2-85A0-460A-BA06-2A6F5B12BD22}.Debug|Any CPU.Build.0 = Debug|Any CPU
		{3EE1F6E2-85A0-460A-BA06-2A6F5B12BD22}.Release|Any CPU.ActiveCfg = Release|Any CPU
		{3EE1F6E2-85A0-460A-BA06-2A6F5B12BD22}.Release|Any CPU.Build.0 = Release|Any CPU
	EndGlobalSection
	GlobalSection(SolutionProperties) = preSolution
		HideSolutionNode = FALSE
	EndGlobalSection
	GlobalSection(NestedProjects) = preSolution
		{01541969-CD72-4783-80D8-E65C2916E428} = {10833550-C834-4C92-B921-DE4B38252202}
		{0A9D63D1-9A71-4C0E-9723-FB4148F3EB09} = {5F685F3F-FA44-47F7-B2BD-64F9D1801C80}
		{6E876D67-75F8-44D6-BA3F-899495A27290} = {B74D971E-A37B-44AD-A6A0-AA56E72AE5AA}
		{72F9201D-5EAC-404C-897E-5E252827F143} = {0AFC82DE-C001-45C6-ABBC-D8FF040BD79F}
		{05646675-EA0E-4667-9E7A-AAD3CB78485E} = {F7AD2E24-48AD-4C0B-BBCC-B13301DF31AD}
		{0AFC82DE-C001-45C6-ABBC-D8FF040BD79F} = {F7AD2E24-48AD-4C0B-BBCC-B13301DF31AD}
		{873B9A04-894A-421F-A4E3-FC2DA74B7A15} = {F7AD2E24-48AD-4C0B-BBCC-B13301DF31AD}
		{3F9F805A-304D-430C-A388-C6F38910F395} = {460D82F1-3BF9-49CC-9002-A38CF598E5E4}
		{3EE1F6E2-85A0-460A-BA06-2A6F5B12BD22} = {05646675-EA0E-4667-9E7A-AAD3CB78485E}
	EndGlobalSection
	GlobalSection(ExtensibilityGlobals) = postSolution
		SolutionGuid = {BBE0DFA9-3D4C-444A-95EF-FD57F695434D}
	EndGlobalSection
EndGlobal
